
Microsoft Visual Studio Solution File, Format Version 12.00
# Visual Studio Version 16
VisualStudioVersion = 16.0.29123.88
MinimumVisualStudioVersion = 10.0.40219.1
Project("{9A19103F-16F7-4668-BE54-9A1E7A4F7556}") = "Bcc.Entities", "Source\Bcc.Entities\Bcc.Entities.csproj", "{242EEA31-C07B-4661-BF77-84E2149A5FE0}"
EndProject
Project("{9A19103F-16F7-4668-BE54-9A1E7A4F7556}") = "Bcc.Api", "Source\Bcc.Api\Bcc.Api.csproj", "{C4FEE2AE-5C67-47EA-A032-8330BBD70237}"
EndProject
Project("{9A19103F-16F7-4668-BE54-9A1E7A4F7556}") = "Bcc.Data", "Source\Bcc.Data\Bcc.Data.csproj", "{6580E3C6-2D7B-4168-A00C-CADE4A500996}"
EndProject
Project("{9A19103F-16F7-4668-BE54-9A1E7A4F7556}") = "Bcc.Business", "Source\Bcc.Business\Bcc.Business.csproj", "{CF70BDED-80B7-4D34-BB5F-64FD6C0E32E8}"
EndProject
Project("{9A19103F-16F7-4668-BE54-9A1E7A4F7556}") = "Bcc.Auth", "Source\Bcc.Auth\Bcc.Auth.csproj", "{83C672BB-8123-42E3-8C53-B55A459CEA1E}"
EndProject
Project("{FAE04EC0-301F-11D3-BF4B-00C04F79EFBC}") = "Bcc.Business.Tests", "Test\Bcc.Business.Tests\Bcc.Business.Tests.csproj", "{8F59DD8F-0E01-4C1B-9393-008B42833F52}"
EndProject
Project("{2150E333-8FDC-42A3-9474-1A3956D46DE8}") = "Tests", "Tests", "{7E2C3B44-684F-48FA-816F-5255EC4E706B}"
EndProject
Global
	GlobalSection(SolutionConfigurationPlatforms) = preSolution
		Debug|Any CPU = Debug|Any CPU
		Release|Any CPU = Release|Any CPU
	EndGlobalSection
	GlobalSection(ProjectConfigurationPlatforms) = postSolution
		{242EEA31-C07B-4661-BF77-84E2149A5FE0}.Debug|Any CPU.ActiveCfg = Debug|Any CPU
		{242EEA31-C07B-4661-BF77-84E2149A5FE0}.Debug|Any CPU.Build.0 = Debug|Any CPU
		{242EEA31-C07B-4661-BF77-84E2149A5FE0}.Release|Any CPU.ActiveCfg = Release|Any CPU
		{242EEA31-C07B-4661-BF77-84E2149A5FE0}.Release|Any CPU.Build.0 = Release|Any CPU
		{C4FEE2AE-5C67-47EA-A032-8330BBD70237}.Debug|Any CPU.ActiveCfg = Debug|Any CPU
		{C4FEE2AE-5C67-47EA-A032-8330BBD70237}.Debug|Any CPU.Build.0 = Debug|Any CPU
		{C4FEE2AE-5C67-47EA-A032-8330BBD70237}.Release|Any CPU.ActiveCfg = Release|Any CPU
		{C4FEE2AE-5C67-47EA-A032-8330BBD70237}.Release|Any CPU.Build.0 = Release|Any CPU
		{6580E3C6-2D7B-4168-A00C-CADE4A500996}.Debug|Any CPU.ActiveCfg = Debug|Any CPU
		{6580E3C6-2D7B-4168-A00C-CADE4A500996}.Debug|Any CPU.Build.0 = Debug|Any CPU
		{6580E3C6-2D7B-4168-A00C-CADE4A500996}.Release|Any CPU.ActiveCfg = Release|Any CPU
		{6580E3C6-2D7B-4168-A00C-CADE4A500996}.Release|Any CPU.Build.0 = Release|Any CPU
		{CF70BDED-80B7-4D34-BB5F-64FD6C0E32E8}.Debug|Any CPU.ActiveCfg = Debug|Any CPU
		{CF70BDED-80B7-4D34-BB5F-64FD6C0E32E8}.Debug|Any CPU.Build.0 = Debug|Any CPU
		{CF70BDED-80B7-4D34-BB5F-64FD6C0E32E8}.Release|Any CPU.ActiveCfg = Release|Any CPU
		{CF70BDED-80B7-4D34-BB5F-64FD6C0E32E8}.Release|Any CPU.Build.0 = Release|Any CPU
		{83C672BB-8123-42E3-8C53-B55A459CEA1E}.Debug|Any CPU.ActiveCfg = Debug|Any CPU
		{83C672BB-8123-42E3-8C53-B55A459CEA1E}.Debug|Any CPU.Build.0 = Debug|Any CPU
		{83C672BB-8123-42E3-8C53-B55A459CEA1E}.Release|Any CPU.ActiveCfg = Release|Any CPU
		{83C672BB-8123-42E3-8C53-B55A459CEA1E}.Release|Any CPU.Build.0 = Release|Any CPU
		{8F59DD8F-0E01-4C1B-9393-008B42833F52}.Debug|Any CPU.ActiveCfg = Debug|Any CPU
		{8F59DD8F-0E01-4C1B-9393-008B42833F52}.Debug|Any CPU.Build.0 = Debug|Any CPU
		{8F59DD8F-0E01-4C1B-9393-008B42833F52}.Release|Any CPU.ActiveCfg = Release|Any CPU
		{8F59DD8F-0E01-4C1B-9393-008B42833F52}.Release|Any CPU.Build.0 = Release|Any CPU
	EndGlobalSection
	GlobalSection(SolutionProperties) = preSolution
		HideSolutionNode = FALSE
	EndGlobalSection
	GlobalSection(NestedProjects) = preSolution
		{8F59DD8F-0E01-4C1B-9393-008B42833F52} = {7E2C3B44-684F-48FA-816F-5255EC4E706B}
	EndGlobalSection
	GlobalSection(ExtensibilityGlobals) = postSolution
		SolutionGuid = {ADE65EC3-E62C-4E08-BBD9-FEB8BEB48B54}
	EndGlobalSection
EndGlobal
